
Microsoft Visual Studio Solution File, Format Version 12.00
# Visual Studio Version 16
VisualStudioVersion = 16.0.28922.388
MinimumVisualStudioVersion = 10.0.40219.1
Project("{FAE04EC0-301F-11D3-BF4B-00C04F79EFBC}") = "Sendkeys", "Sendkeys\Sendkeys.csproj", "{BC02C5D3-BB47-43B1-BCF1-D60C85E8C8D2}"
EndProject
Global
	GlobalSection(SolutionConfigurationPlatforms) = preSolution
		Debug|Any CPU = Debug|Any CPU
		Release|Any CPU = Release|Any CPU
	EndGlobalSection
	GlobalSection(ProjectConfigurationPlatforms) = postSolution
		{BC02C5D3-BB47-43B1-BCF1-D60C85E8C8D2}.Debug|Any CPU.ActiveCfg = Debug|Any CPU
		{BC02C5D3-BB47-43B1-BCF1-D60C85E8C8D2}.Debug|Any CPU.Build.0 = Debug|Any CPU
		{BC02C5D3-BB47-43B1-BCF1-D60C85E8C8D2}.Release|Any CPU.ActiveCfg = Release|Any CPU
		{BC02C5D3-BB47-43B1-BCF1-D60C85E8C8D2}.Release|Any CPU.Build.0 = Release|Any CPU
	EndGlobalSection
	GlobalSection(SolutionProperties) = preSolution
		HideSolutionNode = FALSE
	EndGlobalSection
	GlobalSection(ExtensibilityGlobals) = postSolution
		SolutionGuid = {E620DC70-BBF1-455D-90DA-8133618BD435}
	EndGlobalSection
EndGlobal
